
Microsoft Visual Studio Solution File, Format Version 12.00
# Visual Studio Version 17
VisualStudioVersion = 17.1.32127.271
MinimumVisualStudioVersion = 10.0.40219.1
Project("{9A19103F-16F7-4668-BE54-9A1E7A4F7556}") = "trackingapi", "trackingapi\trackingapi.csproj", "{EB3948E5-7D81-48A0-BF50-19127238AA49}"
EndProject
Project("{9A19103F-16F7-4668-BE54-9A1E7A4F7556}") = "tracking.client", "tracking.client\tracking.client.csproj", "{141B6436-360B-404E-9E29-7E43E449B468}"
EndProject
Global
	GlobalSection(SolutionConfigurationPlatforms) = preSolution
		Debug|Any CPU = Debug|Any CPU
		Release|Any CPU = Release|Any CPU
	EndGlobalSection
	GlobalSection(ProjectConfigurationPlatforms) = postSolution
		{EB3948E5-7D81-48A0-BF50-19127238AA49}.Debug|Any CPU.ActiveCfg = Debug|Any CPU
		{EB3948E5-7D81-48A0-BF50-19127238AA49}.Debug|Any CPU.Build.0 = Debug|Any CPU
		{EB3948E5-7D81-48A0-BF50-19127238AA49}.Release|Any CPU.ActiveCfg = Release|Any CPU
		{EB3948E5-7D81-48A0-BF50-19127238AA49}.Release|Any CPU.Build.0 = Release|Any CPU
		{141B6436-360B-404E-9E29-7E43E449B468}.Debug|Any CPU.ActiveCfg = Debug|Any CPU
		{141B6436-360B-404E-9E29-7E43E449B468}.Debug|Any CPU.Build.0 = Debug|Any CPU
		{141B6436-360B-404E-9E29-7E43E449B468}.Release|Any CPU.ActiveCfg = Release|Any CPU
		{141B6436-360B-404E-9E29-7E43E449B468}.Release|Any CPU.Build.0 = Release|Any CPU
	EndGlobalSection
	GlobalSection(SolutionProperties) = preSolution
		HideSolutionNode = FALSE
	EndGlobalSection
	GlobalSection(ExtensibilityGlobals) = postSolution
		SolutionGuid = {07D05AB7-F49C-4C99-8040-557D6F7C2523}
	EndGlobalSection
EndGlobal
